// !$*UTF8*$!
{
	archiveVersion = 1;
	classes = {
	};
	objectVersion = 51;
	objects = {

/* Begin PBXBuildFile section */
		583C9F2B54C200C5ACF2E855 /* Pods_FoodDBTests.framework in Frameworks */ = {isa = PBXBuildFile; fileRef = BC6F5ABCA06C3632EDE14186 /* Pods_FoodDBTests.framework */; };
		6D0F3F9726A645B80062F35E /* AllCategoryList.swift in Sources */ = {isa = PBXBuildFile; fileRef = 6D0F3F9626A645B80062F35E /* AllCategoryList.swift */; };
		6D14260426A1A71500F42F37 /* LabelTop.swift in Sources */ = {isa = PBXBuildFile; fileRef = 6D14260326A1A71500F42F37 /* LabelTop.swift */; };
		6D14260C26A1A96600F42F37 /* MealInListCell.swift in Sources */ = {isa = PBXBuildFile; fileRef = 6D14260B26A1A96600F42F37 /* MealInListCell.swift */; };
		6D14AEAE26AB745200AF4844 /* AreaTableController.swift in Sources */ = {isa = PBXBuildFile; fileRef = 6D14AEAD26AB745200AF4844 /* AreaTableController.swift */; };
		6D14AEB326AB780400AF4844 /* AreaFood.swift in Sources */ = {isa = PBXBuildFile; fileRef = 6D14AEB226AB780400AF4844 /* AreaFood.swift */; };
		6D186F5E26B9885C0027D140 /* MainController.swift in Sources */ = {isa = PBXBuildFile; fileRef = 6D186F5D26B9885C0027D140 /* MainController.swift */; };
		6D1BDEC326C475C60076210D /* BannerCell.swift in Sources */ = {isa = PBXBuildFile; fileRef = 6D1BDEC226C475C60076210D /* BannerCell.swift */; };
		6D1BDECB26C47DB20076210D /* FeaturedTextCell.swift in Sources */ = {isa = PBXBuildFile; fileRef = 6D1BDECA26C47DB20076210D /* FeaturedTextCell.swift */; };
		6D1CCB5A26B5A2ED007006A5 /* MainCardSlider.swift in Sources */ = {isa = PBXBuildFile; fileRef = 6D1CCB5926B5A2ED007006A5 /* MainCardSlider.swift */; };
		6D1E882B26C9C9D4009770D8 /* CustomMenuBar.swift in Sources */ = {isa = PBXBuildFile; fileRef = 6D1E882A26C9C9D4009770D8 /* CustomMenuBar.swift */; };
		6D24FE0726B6E9D00052BD55 /* ImageExtension.swift in Sources */ = {isa = PBXBuildFile; fileRef = 6D24FE0626B6E9D00052BD55 /* ImageExtension.swift */; };
		6D285AF626AC4C64007822BA /* IndividualAreaList.swift in Sources */ = {isa = PBXBuildFile; fileRef = 6D285AF526AC4C64007822BA /* IndividualAreaList.swift */; };
		6D2ADF8426D81A2500D0C7D4 /* AboutUsController.swift in Sources */ = {isa = PBXBuildFile; fileRef = 6D2ADF8326D81A2500D0C7D4 /* AboutUsController.swift */; };
		6D2ADF9026D8314B00D0C7D4 /* HelpController.swift in Sources */ = {isa = PBXBuildFile; fileRef = 6D2ADF8F26D8314B00D0C7D4 /* HelpController.swift */; };
		6D37A33A269E12DF008D77AD /* MealService.swift in Sources */ = {isa = PBXBuildFile; fileRef = 6D37A339269E12DF008D77AD /* MealService.swift */; };
		6D4C828626BDA0FB00DF4159 /* MenuCell.swift in Sources */ = {isa = PBXBuildFile; fileRef = 6D4C828526BDA0FB00DF4159 /* MenuCell.swift */; };
		6D541C0326A1B00C00AF0ED8 /* Category.swift in Sources */ = {isa = PBXBuildFile; fileRef = 6D541C0226A1B00C00AF0ED8 /* Category.swift */; };
		6D541C0826A1B26C00AF0ED8 /* Meal.swift in Sources */ = {isa = PBXBuildFile; fileRef = 6D541C0726A1B26C00AF0ED8 /* Meal.swift */; };
		6D6FC9A726D9191800204F41 /* HideStatusBarProtocol.swift in Sources */ = {isa = PBXBuildFile; fileRef = 6D6FC9A626D9191800204F41 /* HideStatusBarProtocol.swift */; };
		6D70A8F726BEBADB00F96F80 /* MealTabController.swift in Sources */ = {isa = PBXBuildFile; fileRef = 6D70A8F626BEBADB00F96F80 /* MealTabController.swift */; };
		6D70A8FF26BEBEA700F96F80 /* ContainerController.swift in Sources */ = {isa = PBXBuildFile; fileRef = 6D70A8FE26BEBEA700F96F80 /* ContainerController.swift */; };
		6D70A91026BEC39F00F96F80 /* MenuToggleProtocol.swift in Sources */ = {isa = PBXBuildFile; fileRef = 6D70A90F26BEC39F00F96F80 /* MenuToggleProtocol.swift */; };
		6D71892826C80EB600AEA8A7 /* Settings.swift in Sources */ = {isa = PBXBuildFile; fileRef = 6D71892726C80EB600AEA8A7 /* Settings.swift */; };
		6D74F1CC26C1B9B90021219D /* YoutuberString.swift in Sources */ = {isa = PBXBuildFile; fileRef = 6D74F1CB26C1B9B90021219D /* YoutuberString.swift */; };
		6D7B3C6D26A4C232001AB735 /* CustomImageView.swift in Sources */ = {isa = PBXBuildFile; fileRef = 6D7B3C6C26A4C232001AB735 /* CustomImageView.swift */; };
		6D81FAF026AC620A00904A75 /* AreaListCell.swift in Sources */ = {isa = PBXBuildFile; fileRef = 6D81FAEF26AC620A00904A75 /* AreaListCell.swift */; };
		6D8C023226A067DE00C1E5EA /* Anchors.swift in Sources */ = {isa = PBXBuildFile; fileRef = 6D8C023126A067DE00C1E5EA /* Anchors.swift */; };
		6D8C023826A06E8400C1E5EA /* CategoryCell.swift in Sources */ = {isa = PBXBuildFile; fileRef = 6D8C023726A06E8400C1E5EA /* CategoryCell.swift */; };
		6D8C023D26A06EA100C1E5EA /* CustomCell.swift in Sources */ = {isa = PBXBuildFile; fileRef = 6D8C023C26A06EA100C1E5EA /* CustomCell.swift */; };
		6D8C024226A078A200C1E5EA /* CategoryList.swift in Sources */ = {isa = PBXBuildFile; fileRef = 6D8C024126A078A200C1E5EA /* CategoryList.swift */; };
		6D8C024B26A0F19A00C1E5EA /* HeaderCategory.swift in Sources */ = {isa = PBXBuildFile; fileRef = 6D8C024A26A0F19A00C1E5EA /* HeaderCategory.swift */; };
		6D9DDAD126AC7B900081B16E /* AtoZController.swift in Sources */ = {isa = PBXBuildFile; fileRef = 6D9DDAD026AC7B900081B16E /* AtoZController.swift */; };
		6D9DDAD626AC83330081B16E /* LetterCell.swift in Sources */ = {isa = PBXBuildFile; fileRef = 6D9DDAD526AC83330081B16E /* LetterCell.swift */; };
		6D9DDADB26AC87EF0081B16E /* PreviewCellAtoZ.swift in Sources */ = {isa = PBXBuildFile; fileRef = 6D9DDADA26AC87EF0081B16E /* PreviewCellAtoZ.swift */; };
		6DA95C6826AF5C4E00509F23 /* TagController.swift in Sources */ = {isa = PBXBuildFile; fileRef = 6DA95C6726AF5C4E00509F23 /* TagController.swift */; };
		6DA95C6D26AF689600509F23 /* MealViewController.swift in Sources */ = {isa = PBXBuildFile; fileRef = 6DA95C6C26AF689600509F23 /* MealViewController.swift */; };
		6DB5862B26B07244007FEBE0 /* TagCell.swift in Sources */ = {isa = PBXBuildFile; fileRef = 6DB5862A26B07244007FEBE0 /* TagCell.swift */; };
		6DB5863026B07894007FEBE0 /* Ingredient.swift in Sources */ = {isa = PBXBuildFile; fileRef = 6DB5862F26B07894007FEBE0 /* Ingredient.swift */; };
		6DB5863826B085C0007FEBE0 /* SingleIngredientController.swift in Sources */ = {isa = PBXBuildFile; fileRef = 6DB5863726B085C0007FEBE0 /* SingleIngredientController.swift */; };
		6DBFBD4426CD2C2B00ABF1E5 /* SettingController.swift in Sources */ = {isa = PBXBuildFile; fileRef = 6DBFBD4326CD2C2B00ABF1E5 /* SettingController.swift */; };
		6DC2BA9A269D0A96006667A8 /* AppDelegate.swift in Sources */ = {isa = PBXBuildFile; fileRef = 6DC2BA99269D0A96006667A8 /* AppDelegate.swift */; };
		6DC2BA9C269D0A96006667A8 /* SceneDelegate.swift in Sources */ = {isa = PBXBuildFile; fileRef = 6DC2BA9B269D0A96006667A8 /* SceneDelegate.swift */; };
		6DC2BA9E269D0A96006667A8 /* CategoryController.swift in Sources */ = {isa = PBXBuildFile; fileRef = 6DC2BA9D269D0A96006667A8 /* CategoryController.swift */; };
		6DC2BAA3269D0A98006667A8 /* Assets.xcassets in Resources */ = {isa = PBXBuildFile; fileRef = 6DC2BAA2269D0A98006667A8 /* Assets.xcassets */; };
		6DC2BAA6269D0A98006667A8 /* LaunchScreen.storyboard in Resources */ = {isa = PBXBuildFile; fileRef = 6DC2BAA4269D0A98006667A8 /* LaunchScreen.storyboard */; };
		6DC2BAB1269D0A98006667A8 /* FoodDBTests.swift in Sources */ = {isa = PBXBuildFile; fileRef = 6DC2BAB0269D0A98006667A8 /* FoodDBTests.swift */; };
		6DC2BABC269D0A98006667A8 /* FoodDBUITests.swift in Sources */ = {isa = PBXBuildFile; fileRef = 6DC2BABB269D0A98006667A8 /* FoodDBUITests.swift */; };
		6DC30ACB26BD6E7400F7B837 /* MenuController.swift in Sources */ = {isa = PBXBuildFile; fileRef = 6DC30ACA26BD6E7400F7B837 /* MenuController.swift */; };
		B3FD027EBCDC3E638083BB15 /* Pods_FoodDB_FoodDBUITests.framework in Frameworks */ = {isa = PBXBuildFile; fileRef = 648C583744282E02E06E26CB /* Pods_FoodDB_FoodDBUITests.framework */; };
		F19AD25B3055D8E69CC4B9AF /* Pods_FoodDB.framework in Frameworks */ = {isa = PBXBuildFile; fileRef = 6F90DB327EEDF7E19CB4339B /* Pods_FoodDB.framework */; };
/* End PBXBuildFile section */

/* Begin PBXContainerItemProxy section */
		6DC2BAAD269D0A98006667A8 /* PBXContainerItemProxy */ = {
			isa = PBXContainerItemProxy;
			containerPortal = 6DC2BA8E269D0A96006667A8 /* Project object */;
			proxyType = 1;
			remoteGlobalIDString = 6DC2BA95269D0A96006667A8;
			remoteInfo = FoodDB;
		};
		6DC2BAB8269D0A98006667A8 /* PBXContainerItemProxy */ = {
			isa = PBXContainerItemProxy;
			containerPortal = 6DC2BA8E269D0A96006667A8 /* Project object */;
			proxyType = 1;
			remoteGlobalIDString = 6DC2BA95269D0A96006667A8;
			remoteInfo = FoodDB;
		};
/* End PBXContainerItemProxy section */

/* Begin PBXFileReference section */
		0775238EDF1BF12668F21A56 /* Pods-FoodDBTests.release.xcconfig */ = {isa = PBXFileReference; includeInIndex = 1; lastKnownFileType = text.xcconfig; name = "Pods-FoodDBTests.release.xcconfig"; path = "Target Support Files/Pods-FoodDBTests/Pods-FoodDBTests.release.xcconfig"; sourceTree = "<group>"; };
		258018FC5791B093F17DB66B /* Pods-FoodDB-FoodDBUITests.debug.xcconfig */ = {isa = PBXFileReference; includeInIndex = 1; lastKnownFileType = text.xcconfig; name = "Pods-FoodDB-FoodDBUITests.debug.xcconfig"; path = "Target Support Files/Pods-FoodDB-FoodDBUITests/Pods-FoodDB-FoodDBUITests.debug.xcconfig"; sourceTree = "<group>"; };
		648C583744282E02E06E26CB /* Pods_FoodDB_FoodDBUITests.framework */ = {isa = PBXFileReference; explicitFileType = wrapper.framework; includeInIndex = 0; path = Pods_FoodDB_FoodDBUITests.framework; sourceTree = BUILT_PRODUCTS_DIR; };
		6D0F3F9626A645B80062F35E /* AllCategoryList.swift */ = {isa = PBXFileReference; lastKnownFileType = sourcecode.swift; path = AllCategoryList.swift; sourceTree = "<group>"; };
		6D14260326A1A71500F42F37 /* LabelTop.swift */ = {isa = PBXFileReference; lastKnownFileType = sourcecode.swift; path = LabelTop.swift; sourceTree = "<group>"; };
		6D14260B26A1A96600F42F37 /* MealInListCell.swift */ = {isa = PBXFileReference; lastKnownFileType = sourcecode.swift; path = MealInListCell.swift; sourceTree = "<group>"; };
		6D14AEAD26AB745200AF4844 /* AreaTableController.swift */ = {isa = PBXFileReference; lastKnownFileType = sourcecode.swift; path = AreaTableController.swift; sourceTree = "<group>"; };
		6D14AEB226AB780400AF4844 /* AreaFood.swift */ = {isa = PBXFileReference; lastKnownFileType = sourcecode.swift; path = AreaFood.swift; sourceTree = "<group>"; };
		6D186F5D26B9885C0027D140 /* MainController.swift */ = {isa = PBXFileReference; lastKnownFileType = sourcecode.swift; path = MainController.swift; sourceTree = "<group>"; };
		6D1BDEC226C475C60076210D /* BannerCell.swift */ = {isa = PBXFileReference; lastKnownFileType = sourcecode.swift; path = BannerCell.swift; sourceTree = "<group>"; };
		6D1BDECA26C47DB20076210D /* FeaturedTextCell.swift */ = {isa = PBXFileReference; lastKnownFileType = sourcecode.swift; path = FeaturedTextCell.swift; sourceTree = "<group>"; };
		6D1CCB5926B5A2ED007006A5 /* MainCardSlider.swift */ = {isa = PBXFileReference; lastKnownFileType = sourcecode.swift; path = MainCardSlider.swift; sourceTree = "<group>"; };
		6D1E882A26C9C9D4009770D8 /* CustomMenuBar.swift */ = {isa = PBXFileReference; lastKnownFileType = sourcecode.swift; path = CustomMenuBar.swift; sourceTree = "<group>"; };
		6D24FE0626B6E9D00052BD55 /* ImageExtension.swift */ = {isa = PBXFileReference; lastKnownFileType = sourcecode.swift; path = ImageExtension.swift; sourceTree = "<group>"; };
		6D285AF526AC4C64007822BA /* IndividualAreaList.swift */ = {isa = PBXFileReference; lastKnownFileType = sourcecode.swift; path = IndividualAreaList.swift; sourceTree = "<group>"; };
		6D2ADF8326D81A2500D0C7D4 /* AboutUsController.swift */ = {isa = PBXFileReference; lastKnownFileType = sourcecode.swift; path = AboutUsController.swift; sourceTree = "<group>"; };
		6D2ADF8F26D8314B00D0C7D4 /* HelpController.swift */ = {isa = PBXFileReference; lastKnownFileType = sourcecode.swift; path = HelpController.swift; sourceTree = "<group>"; };
		6D37A339269E12DF008D77AD /* MealService.swift */ = {isa = PBXFileReference; lastKnownFileType = sourcecode.swift; path = MealService.swift; sourceTree = "<group>"; };
		6D4C828526BDA0FB00DF4159 /* MenuCell.swift */ = {isa = PBXFileReference; lastKnownFileType = sourcecode.swift; path = MenuCell.swift; sourceTree = "<group>"; };
		6D541C0226A1B00C00AF0ED8 /* Category.swift */ = {isa = PBXFileReference; lastKnownFileType = sourcecode.swift; path = Category.swift; sourceTree = "<group>"; };
		6D541C0726A1B26C00AF0ED8 /* Meal.swift */ = {isa = PBXFileReference; lastKnownFileType = sourcecode.swift; path = Meal.swift; sourceTree = "<group>"; };
		6D6FC9A626D9191800204F41 /* HideStatusBarProtocol.swift */ = {isa = PBXFileReference; lastKnownFileType = sourcecode.swift; path = HideStatusBarProtocol.swift; sourceTree = "<group>"; };
		6D70A8F626BEBADB00F96F80 /* MealTabController.swift */ = {isa = PBXFileReference; lastKnownFileType = sourcecode.swift; path = MealTabController.swift; sourceTree = "<group>"; };
		6D70A8FE26BEBEA700F96F80 /* ContainerController.swift */ = {isa = PBXFileReference; lastKnownFileType = sourcecode.swift; path = ContainerController.swift; sourceTree = "<group>"; };
		6D70A90F26BEC39F00F96F80 /* MenuToggleProtocol.swift */ = {isa = PBXFileReference; lastKnownFileType = sourcecode.swift; path = MenuToggleProtocol.swift; sourceTree = "<group>"; };
		6D71892726C80EB600AEA8A7 /* Settings.swift */ = {isa = PBXFileReference; lastKnownFileType = sourcecode.swift; path = Settings.swift; sourceTree = "<group>"; };
		6D74F1CB26C1B9B90021219D /* YoutuberString.swift */ = {isa = PBXFileReference; lastKnownFileType = sourcecode.swift; path = YoutuberString.swift; sourceTree = "<group>"; };
		6D7B3C6C26A4C232001AB735 /* CustomImageView.swift */ = {isa = PBXFileReference; lastKnownFileType = sourcecode.swift; path = CustomImageView.swift; sourceTree = "<group>"; };
		6D81FAEF26AC620A00904A75 /* AreaListCell.swift */ = {isa = PBXFileReference; lastKnownFileType = sourcecode.swift; path = AreaListCell.swift; sourceTree = "<group>"; };
		6D8C023126A067DE00C1E5EA /* Anchors.swift */ = {isa = PBXFileReference; lastKnownFileType = sourcecode.swift; path = Anchors.swift; sourceTree = "<group>"; };
		6D8C023726A06E8400C1E5EA /* CategoryCell.swift */ = {isa = PBXFileReference; lastKnownFileType = sourcecode.swift; path = CategoryCell.swift; sourceTree = "<group>"; };
		6D8C023C26A06EA100C1E5EA /* CustomCell.swift */ = {isa = PBXFileReference; lastKnownFileType = sourcecode.swift; path = CustomCell.swift; sourceTree = "<group>"; };
		6D8C024126A078A200C1E5EA /* CategoryList.swift */ = {isa = PBXFileReference; lastKnownFileType = sourcecode.swift; path = CategoryList.swift; sourceTree = "<group>"; };
		6D8C024A26A0F19A00C1E5EA /* HeaderCategory.swift */ = {isa = PBXFileReference; lastKnownFileType = sourcecode.swift; path = HeaderCategory.swift; sourceTree = "<group>"; };
		6D9DDAD026AC7B900081B16E /* AtoZController.swift */ = {isa = PBXFileReference; lastKnownFileType = sourcecode.swift; path = AtoZController.swift; sourceTree = "<group>"; };
		6D9DDAD526AC83330081B16E /* LetterCell.swift */ = {isa = PBXFileReference; lastKnownFileType = sourcecode.swift; path = LetterCell.swift; sourceTree = "<group>"; };
		6D9DDADA26AC87EF0081B16E /* PreviewCellAtoZ.swift */ = {isa = PBXFileReference; lastKnownFileType = sourcecode.swift; path = PreviewCellAtoZ.swift; sourceTree = "<group>"; };
		6DA95C6726AF5C4E00509F23 /* TagController.swift */ = {isa = PBXFileReference; lastKnownFileType = sourcecode.swift; path = TagController.swift; sourceTree = "<group>"; };
		6DA95C6C26AF689600509F23 /* MealViewController.swift */ = {isa = PBXFileReference; lastKnownFileType = sourcecode.swift; path = MealViewController.swift; sourceTree = "<group>"; };
		6DB5862A26B07244007FEBE0 /* TagCell.swift */ = {isa = PBXFileReference; lastKnownFileType = sourcecode.swift; path = TagCell.swift; sourceTree = "<group>"; };
		6DB5862F26B07894007FEBE0 /* Ingredient.swift */ = {isa = PBXFileReference; lastKnownFileType = sourcecode.swift; path = Ingredient.swift; sourceTree = "<group>"; };
		6DB5863726B085C0007FEBE0 /* SingleIngredientController.swift */ = {isa = PBXFileReference; lastKnownFileType = sourcecode.swift; path = SingleIngredientController.swift; sourceTree = "<group>"; };
		6DBFBD4326CD2C2B00ABF1E5 /* SettingController.swift */ = {isa = PBXFileReference; lastKnownFileType = sourcecode.swift; path = SettingController.swift; sourceTree = "<group>"; };
		6DC2BA96269D0A96006667A8 /* FoodDB.app */ = {isa = PBXFileReference; explicitFileType = wrapper.application; includeInIndex = 0; path = FoodDB.app; sourceTree = BUILT_PRODUCTS_DIR; };
		6DC2BA99269D0A96006667A8 /* AppDelegate.swift */ = {isa = PBXFileReference; lastKnownFileType = sourcecode.swift; path = AppDelegate.swift; sourceTree = "<group>"; };
		6DC2BA9B269D0A96006667A8 /* SceneDelegate.swift */ = {isa = PBXFileReference; lastKnownFileType = sourcecode.swift; path = SceneDelegate.swift; sourceTree = "<group>"; };
		6DC2BA9D269D0A96006667A8 /* CategoryController.swift */ = {isa = PBXFileReference; lastKnownFileType = sourcecode.swift; path = CategoryController.swift; sourceTree = "<group>"; };
		6DC2BAA2269D0A98006667A8 /* Assets.xcassets */ = {isa = PBXFileReference; lastKnownFileType = folder.assetcatalog; path = Assets.xcassets; sourceTree = "<group>"; };
		6DC2BAA5269D0A98006667A8 /* Base */ = {isa = PBXFileReference; lastKnownFileType = file.storyboard; name = Base; path = Base.lproj/LaunchScreen.storyboard; sourceTree = "<group>"; };
		6DC2BAA7269D0A98006667A8 /* Info.plist */ = {isa = PBXFileReference; lastKnownFileType = text.plist.xml; path = Info.plist; sourceTree = "<group>"; };
		6DC2BAAC269D0A98006667A8 /* FoodDBTests.xctest */ = {isa = PBXFileReference; explicitFileType = wrapper.cfbundle; includeInIndex = 0; path = FoodDBTests.xctest; sourceTree = BUILT_PRODUCTS_DIR; };
		6DC2BAB0269D0A98006667A8 /* FoodDBTests.swift */ = {isa = PBXFileReference; lastKnownFileType = sourcecode.swift; path = FoodDBTests.swift; sourceTree = "<group>"; };
		6DC2BAB2269D0A98006667A8 /* Info.plist */ = {isa = PBXFileReference; lastKnownFileType = text.plist.xml; path = Info.plist; sourceTree = "<group>"; };
		6DC2BAB7269D0A98006667A8 /* FoodDBUITests.xctest */ = {isa = PBXFileReference; explicitFileType = wrapper.cfbundle; includeInIndex = 0; path = FoodDBUITests.xctest; sourceTree = BUILT_PRODUCTS_DIR; };
		6DC2BABB269D0A98006667A8 /* FoodDBUITests.swift */ = {isa = PBXFileReference; lastKnownFileType = sourcecode.swift; path = FoodDBUITests.swift; sourceTree = "<group>"; };
		6DC2BABD269D0A98006667A8 /* Info.plist */ = {isa = PBXFileReference; lastKnownFileType = text.plist.xml; path = Info.plist; sourceTree = "<group>"; };
		6DC30ACA26BD6E7400F7B837 /* MenuController.swift */ = {isa = PBXFileReference; lastKnownFileType = sourcecode.swift; path = MenuController.swift; sourceTree = "<group>"; };
		6F90DB327EEDF7E19CB4339B /* Pods_FoodDB.framework */ = {isa = PBXFileReference; explicitFileType = wrapper.framework; includeInIndex = 0; path = Pods_FoodDB.framework; sourceTree = BUILT_PRODUCTS_DIR; };
		723E505FB768F5BD448D9D29 /* Pods-FoodDBTests.debug.xcconfig */ = {isa = PBXFileReference; includeInIndex = 1; lastKnownFileType = text.xcconfig; name = "Pods-FoodDBTests.debug.xcconfig"; path = "Target Support Files/Pods-FoodDBTests/Pods-FoodDBTests.debug.xcconfig"; sourceTree = "<group>"; };
		9558A321EE2B0C3877821667 /* Pods-FoodDB-FoodDBUITests.release.xcconfig */ = {isa = PBXFileReference; includeInIndex = 1; lastKnownFileType = text.xcconfig; name = "Pods-FoodDB-FoodDBUITests.release.xcconfig"; path = "Target Support Files/Pods-FoodDB-FoodDBUITests/Pods-FoodDB-FoodDBUITests.release.xcconfig"; sourceTree = "<group>"; };
		BC6F5ABCA06C3632EDE14186 /* Pods_FoodDBTests.framework */ = {isa = PBXFileReference; explicitFileType = wrapper.framework; includeInIndex = 0; path = Pods_FoodDBTests.framework; sourceTree = BUILT_PRODUCTS_DIR; };
		DFCB7965D56F24E1776CC886 /* Pods-FoodDB.release.xcconfig */ = {isa = PBXFileReference; includeInIndex = 1; lastKnownFileType = text.xcconfig; name = "Pods-FoodDB.release.xcconfig"; path = "Target Support Files/Pods-FoodDB/Pods-FoodDB.release.xcconfig"; sourceTree = "<group>"; };
		FEE91D7363AEEA519AC0C428 /* Pods-FoodDB.debug.xcconfig */ = {isa = PBXFileReference; includeInIndex = 1; lastKnownFileType = text.xcconfig; name = "Pods-FoodDB.debug.xcconfig"; path = "Target Support Files/Pods-FoodDB/Pods-FoodDB.debug.xcconfig"; sourceTree = "<group>"; };
/* End PBXFileReference section */

/* Begin PBXFrameworksBuildPhase section */
		6DC2BA93269D0A96006667A8 /* Frameworks */ = {
			isa = PBXFrameworksBuildPhase;
			buildActionMask = 2147483647;
			files = (
				F19AD25B3055D8E69CC4B9AF /* Pods_FoodDB.framework in Frameworks */,
			);
			runOnlyForDeploymentPostprocessing = 0;
		};
		6DC2BAA9269D0A98006667A8 /* Frameworks */ = {
			isa = PBXFrameworksBuildPhase;
			buildActionMask = 2147483647;
			files = (
				583C9F2B54C200C5ACF2E855 /* Pods_FoodDBTests.framework in Frameworks */,
			);
			runOnlyForDeploymentPostprocessing = 0;
		};
		6DC2BAB4269D0A98006667A8 /* Frameworks */ = {
			isa = PBXFrameworksBuildPhase;
			buildActionMask = 2147483647;
			files = (
				B3FD027EBCDC3E638083BB15 /* Pods_FoodDB_FoodDBUITests.framework in Frameworks */,
			);
			runOnlyForDeploymentPostprocessing = 0;
		};
/* End PBXFrameworksBuildPhase section */

/* Begin PBXGroup section */
		6D14260226A1A70400F42F37 /* CustomView */ = {
			isa = PBXGroup;
			children = (
				6D14260326A1A71500F42F37 /* LabelTop.swift */,
				6D7B3C6C26A4C232001AB735 /* CustomImageView.swift */,
			);
			path = CustomView;
			sourceTree = "<group>";
		};
		6D1E882926C9C9CA009770D8 /* Menu */ = {
			isa = PBXGroup;
			children = (
				6D1E882A26C9C9D4009770D8 /* CustomMenuBar.swift */,
			);
			path = Menu;
			sourceTree = "<group>";
		};
		6D2ADF8226D819E800D0C7D4 /* AboutUs */ = {
			isa = PBXGroup;
			children = (
				6D2ADF8326D81A2500D0C7D4 /* AboutUsController.swift */,
			);
			path = AboutUs;
			sourceTree = "<group>";
		};
		6D2ADF8E26D8313800D0C7D4 /* Help&Contact */ = {
			isa = PBXGroup;
			children = (
				6D2ADF8F26D8314B00D0C7D4 /* HelpController.swift */,
			);
			path = "Help&Contact";
			sourceTree = "<group>";
		};
		6D37A336269E124E008D77AD /* ViewController */ = {
			isa = PBXGroup;
			children = (
				6D2ADF8E26D8313800D0C7D4 /* Help&Contact */,
				6D2ADF8226D819E800D0C7D4 /* AboutUs */,
				6DBFBD4226CD2C1E00ABF1E5 /* SettingController */,
				6DC2BA9D269D0A96006667A8 /* CategoryController.swift */,
				6D8C024126A078A200C1E5EA /* CategoryList.swift */,
				6D14AEAD26AB745200AF4844 /* AreaTableController.swift */,
				6D285AF526AC4C64007822BA /* IndividualAreaList.swift */,
				6D9DDAD026AC7B900081B16E /* AtoZController.swift */,
				6DA95C6726AF5C4E00509F23 /* TagController.swift */,
				6DB5863726B085C0007FEBE0 /* SingleIngredientController.swift */,
				6DA95C6C26AF689600509F23 /* MealViewController.swift */,
				6D1CCB5926B5A2ED007006A5 /* MainCardSlider.swift */,
				6D186F5D26B9885C0027D140 /* MainController.swift */,
				6DC30ACA26BD6E7400F7B837 /* MenuController.swift */,
				6D70A8F626BEBADB00F96F80 /* MealTabController.swift */,
				6D70A8FE26BEBEA700F96F80 /* ContainerController.swift */,
			);
			path = ViewController;
			sourceTree = "<group>";
		};
		6D37A337269E126E008D77AD /* Service */ = {
			isa = PBXGroup;
			children = (
				6D37A339269E12DF008D77AD /* MealService.swift */,
			);
			path = Service;
			sourceTree = "<group>";
		};
		6D37A338269E1280008D77AD /* Model */ = {
			isa = PBXGroup;
			children = (
				6D541C0226A1B00C00AF0ED8 /* Category.swift */,
				6D541C0726A1B26C00AF0ED8 /* Meal.swift */,
				6D0F3F9626A645B80062F35E /* AllCategoryList.swift */,
				6D14AEB226AB780400AF4844 /* AreaFood.swift */,
				6DB5862F26B07894007FEBE0 /* Ingredient.swift */,
			);
			path = Model;
			sourceTree = "<group>";
		};
		6D70A90B26BEC38C00F96F80 /* Protocols */ = {
			isa = PBXGroup;
			children = (
				6D70A90F26BEC39F00F96F80 /* MenuToggleProtocol.swift */,
				6D6FC9A626D9191800204F41 /* HideStatusBarProtocol.swift */,
			);
			path = Protocols;
			sourceTree = "<group>";
		};
		6D71892626C80EA800AEA8A7 /* Setting */ = {
			isa = PBXGroup;
			children = (
				6D71892726C80EB600AEA8A7 /* Settings.swift */,
			);
			path = Setting;
			sourceTree = "<group>";
		};
		6D8C023026A067C300C1E5EA /* Extension */ = {
			isa = PBXGroup;
			children = (
				6D8C023126A067DE00C1E5EA /* Anchors.swift */,
				6D74F1CB26C1B9B90021219D /* YoutuberString.swift */,
				6D8C023C26A06EA100C1E5EA /* CustomCell.swift */,
				6D24FE0626B6E9D00052BD55 /* ImageExtension.swift */,
			);
			path = Extension;
			sourceTree = "<group>";
		};
		6D8C023626A06E6C00C1E5EA /* Cell */ = {
			isa = PBXGroup;
			children = (
				6D8C023726A06E8400C1E5EA /* CategoryCell.swift */,
				6D14260B26A1A96600F42F37 /* MealInListCell.swift */,
				6D81FAEF26AC620A00904A75 /* AreaListCell.swift */,
				6D9DDAD526AC83330081B16E /* LetterCell.swift */,
				6D9DDADA26AC87EF0081B16E /* PreviewCellAtoZ.swift */,
				6DB5862A26B07244007FEBE0 /* TagCell.swift */,
				6D4C828526BDA0FB00DF4159 /* MenuCell.swift */,
				6D1BDEC226C475C60076210D /* BannerCell.swift */,
				6D1BDECA26C47DB20076210D /* FeaturedTextCell.swift */,
			);
			path = Cell;
			sourceTree = "<group>";
		};
		6D8C024926A0F18D00C1E5EA /* Header */ = {
			isa = PBXGroup;
			children = (
				6D8C024A26A0F19A00C1E5EA /* HeaderCategory.swift */,
			);
			path = Header;
			sourceTree = "<group>";
		};
		6DBFBD4226CD2C1E00ABF1E5 /* SettingController */ = {
			isa = PBXGroup;
			children = (
				6DBFBD4326CD2C2B00ABF1E5 /* SettingController.swift */,
			);
			path = SettingController;
			sourceTree = "<group>";
		};
		6DC2BA8D269D0A96006667A8 = {
			isa = PBXGroup;
			children = (
				6DC2BA98269D0A96006667A8 /* FoodDB */,
				6DC2BAAF269D0A98006667A8 /* FoodDBTests */,
				6DC2BABA269D0A98006667A8 /* FoodDBUITests */,
				6DC2BA97269D0A96006667A8 /* Products */,
				D96D1CB5B17A6182826E1DE2 /* Pods */,
				73D15DDA7E081E1F8BE7343E /* Frameworks */,
			);
			sourceTree = "<group>";
		};
		6DC2BA97269D0A96006667A8 /* Products */ = {
			isa = PBXGroup;
			children = (
				6DC2BA96269D0A96006667A8 /* FoodDB.app */,
				6DC2BAAC269D0A98006667A8 /* FoodDBTests.xctest */,
				6DC2BAB7269D0A98006667A8 /* FoodDBUITests.xctest */,
			);
			name = Products;
			sourceTree = "<group>";
		};
		6DC2BA98269D0A96006667A8 /* FoodDB */ = {
			isa = PBXGroup;
			children = (
				6D1E882926C9C9CA009770D8 /* Menu */,
				6D71892626C80EA800AEA8A7 /* Setting */,
				6D70A90B26BEC38C00F96F80 /* Protocols */,
				6D14260226A1A70400F42F37 /* CustomView */,
				6D8C024926A0F18D00C1E5EA /* Header */,
				6D8C023626A06E6C00C1E5EA /* Cell */,
				6D8C023026A067C300C1E5EA /* Extension */,
				6D37A338269E1280008D77AD /* Model */,
				6D37A337269E126E008D77AD /* Service */,
				6D37A336269E124E008D77AD /* ViewController */,
				6DC2BA99269D0A96006667A8 /* AppDelegate.swift */,
				6DC2BA9B269D0A96006667A8 /* SceneDelegate.swift */,
				6DC2BAA2269D0A98006667A8 /* Assets.xcassets */,
				6DC2BAA4269D0A98006667A8 /* LaunchScreen.storyboard */,
				6DC2BAA7269D0A98006667A8 /* Info.plist */,
			);
			path = FoodDB;
			sourceTree = "<group>";
		};
		6DC2BAAF269D0A98006667A8 /* FoodDBTests */ = {
			isa = PBXGroup;
			children = (
				6DC2BAB0269D0A98006667A8 /* FoodDBTests.swift */,
				6DC2BAB2269D0A98006667A8 /* Info.plist */,
			);
			path = FoodDBTests;
			sourceTree = "<group>";
		};
		6DC2BABA269D0A98006667A8 /* FoodDBUITests */ = {
			isa = PBXGroup;
			children = (
				6DC2BABB269D0A98006667A8 /* FoodDBUITests.swift */,
				6DC2BABD269D0A98006667A8 /* Info.plist */,
			);
			path = FoodDBUITests;
			sourceTree = "<group>";
		};
		73D15DDA7E081E1F8BE7343E /* Frameworks */ = {
			isa = PBXGroup;
			children = (
				6F90DB327EEDF7E19CB4339B /* Pods_FoodDB.framework */,
				648C583744282E02E06E26CB /* Pods_FoodDB_FoodDBUITests.framework */,
				BC6F5ABCA06C3632EDE14186 /* Pods_FoodDBTests.framework */,
			);
			name = Frameworks;
			sourceTree = "<group>";
		};
		D96D1CB5B17A6182826E1DE2 /* Pods */ = {
			isa = PBXGroup;
			children = (
				FEE91D7363AEEA519AC0C428 /* Pods-FoodDB.debug.xcconfig */,
				DFCB7965D56F24E1776CC886 /* Pods-FoodDB.release.xcconfig */,
				258018FC5791B093F17DB66B /* Pods-FoodDB-FoodDBUITests.debug.xcconfig */,
				9558A321EE2B0C3877821667 /* Pods-FoodDB-FoodDBUITests.release.xcconfig */,
				723E505FB768F5BD448D9D29 /* Pods-FoodDBTests.debug.xcconfig */,
				0775238EDF1BF12668F21A56 /* Pods-FoodDBTests.release.xcconfig */,
			);
			path = Pods;
			sourceTree = "<group>";
		};
/* End PBXGroup section */

/* Begin PBXNativeTarget section */
		6DC2BA95269D0A96006667A8 /* FoodDB */ = {
			isa = PBXNativeTarget;
			buildConfigurationList = 6DC2BAC0269D0A98006667A8 /* Build configuration list for PBXNativeTarget "FoodDB" */;
			buildPhases = (
				5CEC4CFF36B14AAEB4B1DFCE /* [CP] Check Pods Manifest.lock */,
				6DC2BA92269D0A96006667A8 /* Sources */,
				6DC2BA93269D0A96006667A8 /* Frameworks */,
				6DC2BA94269D0A96006667A8 /* Resources */,
				BC866D983D381577031E2F87 /* [CP] Embed Pods Frameworks */,
			);
			buildRules = (
			);
			dependencies = (
			);
			name = FoodDB;
			productName = FoodDB;
			productReference = 6DC2BA96269D0A96006667A8 /* FoodDB.app */;
			productType = "com.apple.product-type.application";
		};
		6DC2BAAB269D0A98006667A8 /* FoodDBTests */ = {
			isa = PBXNativeTarget;
			buildConfigurationList = 6DC2BAC3269D0A98006667A8 /* Build configuration list for PBXNativeTarget "FoodDBTests" */;
			buildPhases = (
				DB9B150466A9F95F58EC3C7F /* [CP] Check Pods Manifest.lock */,
				6DC2BAA8269D0A98006667A8 /* Sources */,
				6DC2BAA9269D0A98006667A8 /* Frameworks */,
				6DC2BAAA269D0A98006667A8 /* Resources */,
			);
			buildRules = (
			);
			dependencies = (
				6DC2BAAE269D0A98006667A8 /* PBXTargetDependency */,
			);
			name = FoodDBTests;
			productName = FoodDBTests;
			productReference = 6DC2BAAC269D0A98006667A8 /* FoodDBTests.xctest */;
			productType = "com.apple.product-type.bundle.unit-test";
		};
		6DC2BAB6269D0A98006667A8 /* FoodDBUITests */ = {
			isa = PBXNativeTarget;
			buildConfigurationList = 6DC2BAC6269D0A98006667A8 /* Build configuration list for PBXNativeTarget "FoodDBUITests" */;
			buildPhases = (
				6780B2D39A2BE2C2E5EB395A /* [CP] Check Pods Manifest.lock */,
				6DC2BAB3269D0A98006667A8 /* Sources */,
				6DC2BAB4269D0A98006667A8 /* Frameworks */,
				6DC2BAB5269D0A98006667A8 /* Resources */,
				DD6B8942F321D0C71A08EF0F /* [CP] Embed Pods Frameworks */,
			);
			buildRules = (
			);
			dependencies = (
				6DC2BAB9269D0A98006667A8 /* PBXTargetDependency */,
			);
			name = FoodDBUITests;
			productName = FoodDBUITests;
			productReference = 6DC2BAB7269D0A98006667A8 /* FoodDBUITests.xctest */;
			productType = "com.apple.product-type.bundle.ui-testing";
		};
/* End PBXNativeTarget section */

/* Begin PBXProject section */
		6DC2BA8E269D0A96006667A8 /* Project object */ = {
			isa = PBXProject;
			attributes = {
				LastSwiftUpdateCheck = 1240;
				LastUpgradeCheck = 1240;
				TargetAttributes = {
					6DC2BA95269D0A96006667A8 = {
						CreatedOnToolsVersion = 12.4;
					};
					6DC2BAAB269D0A98006667A8 = {
						CreatedOnToolsVersion = 12.4;
						TestTargetID = 6DC2BA95269D0A96006667A8;
					};
					6DC2BAB6269D0A98006667A8 = {
						CreatedOnToolsVersion = 12.4;
						TestTargetID = 6DC2BA95269D0A96006667A8;
					};
				};
			};
			buildConfigurationList = 6DC2BA91269D0A96006667A8 /* Build configuration list for PBXProject "FoodDB" */;
			compatibilityVersion = "Xcode 9.3";
			developmentRegion = en;
			hasScannedForEncodings = 0;
			knownRegions = (
				en,
				Base,
			);
			mainGroup = 6DC2BA8D269D0A96006667A8;
			productRefGroup = 6DC2BA97269D0A96006667A8 /* Products */;
			projectDirPath = "";
			projectRoot = "";
			targets = (
				6DC2BA95269D0A96006667A8 /* FoodDB */,
				6DC2BAAB269D0A98006667A8 /* FoodDBTests */,
				6DC2BAB6269D0A98006667A8 /* FoodDBUITests */,
			);
		};
/* End PBXProject section */

/* Begin PBXResourcesBuildPhase section */
		6DC2BA94269D0A96006667A8 /* Resources */ = {
			isa = PBXResourcesBuildPhase;
			buildActionMask = 2147483647;
			files = (
				6DC2BAA6269D0A98006667A8 /* LaunchScreen.storyboard in Resources */,
				6DC2BAA3269D0A98006667A8 /* Assets.xcassets in Resources */,
			);
			runOnlyForDeploymentPostprocessing = 0;
		};
		6DC2BAAA269D0A98006667A8 /* Resources */ = {
			isa = PBXResourcesBuildPhase;
			buildActionMask = 2147483647;
			files = (
			);
			runOnlyForDeploymentPostprocessing = 0;
		};
		6DC2BAB5269D0A98006667A8 /* Resources */ = {
			isa = PBXResourcesBuildPhase;
			buildActionMask = 2147483647;
			files = (
			);
			runOnlyForDeploymentPostprocessing = 0;
		};
/* End PBXResourcesBuildPhase section */

/* Begin PBXShellScriptBuildPhase section */
		5CEC4CFF36B14AAEB4B1DFCE /* [CP] Check Pods Manifest.lock */ = {
			isa = PBXShellScriptBuildPhase;
			buildActionMask = 2147483647;
			files = (
			);
			inputFileListPaths = (
			);
			inputPaths = (
				"${PODS_PODFILE_DIR_PATH}/Podfile.lock",
				"${PODS_ROOT}/Manifest.lock",
			);
			name = "[CP] Check Pods Manifest.lock";
			outputFileListPaths = (
			);
			outputPaths = (
				"$(DERIVED_FILE_DIR)/Pods-FoodDB-checkManifestLockResult.txt",
			);
			runOnlyForDeploymentPostprocessing = 0;
			shellPath = /bin/sh;
			shellScript = "diff \"${PODS_PODFILE_DIR_PATH}/Podfile.lock\" \"${PODS_ROOT}/Manifest.lock\" > /dev/null\nif [ $? != 0 ] ; then\n    # print error to STDERR\n    echo \"error: The sandbox is not in sync with the Podfile.lock. Run 'pod install' or update your CocoaPods installation.\" >&2\n    exit 1\nfi\n# This output is used by Xcode 'outputs' to avoid re-running this script phase.\necho \"SUCCESS\" > \"${SCRIPT_OUTPUT_FILE_0}\"\n";
			showEnvVarsInLog = 0;
		};
		6780B2D39A2BE2C2E5EB395A /* [CP] Check Pods Manifest.lock */ = {
			isa = PBXShellScriptBuildPhase;
			buildActionMask = 2147483647;
			files = (
			);
			inputFileListPaths = (
			);
			inputPaths = (
				"${PODS_PODFILE_DIR_PATH}/Podfile.lock",
				"${PODS_ROOT}/Manifest.lock",
			);
			name = "[CP] Check Pods Manifest.lock";
			outputFileListPaths = (
			);
			outputPaths = (
				"$(DERIVED_FILE_DIR)/Pods-FoodDB-FoodDBUITests-checkManifestLockResult.txt",
			);
			runOnlyForDeploymentPostprocessing = 0;
			shellPath = /bin/sh;
			shellScript = "diff \"${PODS_PODFILE_DIR_PATH}/Podfile.lock\" \"${PODS_ROOT}/Manifest.lock\" > /dev/null\nif [ $? != 0 ] ; then\n    # print error to STDERR\n    echo \"error: The sandbox is not in sync with the Podfile.lock. Run 'pod install' or update your CocoaPods installation.\" >&2\n    exit 1\nfi\n# This output is used by Xcode 'outputs' to avoid re-running this script phase.\necho \"SUCCESS\" > \"${SCRIPT_OUTPUT_FILE_0}\"\n";
			showEnvVarsInLog = 0;
		};
		BC866D983D381577031E2F87 /* [CP] Embed Pods Frameworks */ = {
			isa = PBXShellScriptBuildPhase;
			buildActionMask = 2147483647;
			files = (
			);
			inputFileListPaths = (
				"${PODS_ROOT}/Target Support Files/Pods-FoodDB/Pods-FoodDB-frameworks-${CONFIGURATION}-input-files.xcfilelist",
			);
			name = "[CP] Embed Pods Frameworks";
			outputFileListPaths = (
				"${PODS_ROOT}/Target Support Files/Pods-FoodDB/Pods-FoodDB-frameworks-${CONFIGURATION}-output-files.xcfilelist",
			);
			runOnlyForDeploymentPostprocessing = 0;
			shellPath = /bin/sh;
			shellScript = "\"${PODS_ROOT}/Target Support Files/Pods-FoodDB/Pods-FoodDB-frameworks.sh\"\n";
			showEnvVarsInLog = 0;
		};
		DB9B150466A9F95F58EC3C7F /* [CP] Check Pods Manifest.lock */ = {
			isa = PBXShellScriptBuildPhase;
			buildActionMask = 2147483647;
			files = (
			);
			inputFileListPaths = (
			);
			inputPaths = (
				"${PODS_PODFILE_DIR_PATH}/Podfile.lock",
				"${PODS_ROOT}/Manifest.lock",
			);
			name = "[CP] Check Pods Manifest.lock";
			outputFileListPaths = (
			);
			outputPaths = (
				"$(DERIVED_FILE_DIR)/Pods-FoodDBTests-checkManifestLockResult.txt",
			);
			runOnlyForDeploymentPostprocessing = 0;
			shellPath = /bin/sh;
			shellScript = "diff \"${PODS_PODFILE_DIR_PATH}/Podfile.lock\" \"${PODS_ROOT}/Manifest.lock\" > /dev/null\nif [ $? != 0 ] ; then\n    # print error to STDERR\n    echo \"error: The sandbox is not in sync with the Podfile.lock. Run 'pod install' or update your CocoaPods installation.\" >&2\n    exit 1\nfi\n# This output is used by Xcode 'outputs' to avoid re-running this script phase.\necho \"SUCCESS\" > \"${SCRIPT_OUTPUT_FILE_0}\"\n";
			showEnvVarsInLog = 0;
		};
		DD6B8942F321D0C71A08EF0F /* [CP] Embed Pods Frameworks */ = {
			isa = PBXShellScriptBuildPhase;
			buildActionMask = 2147483647;
			files = (
			);
			inputFileListPaths = (
				"${PODS_ROOT}/Target Support Files/Pods-FoodDB-FoodDBUITests/Pods-FoodDB-FoodDBUITests-frameworks-${CONFIGURATION}-input-files.xcfilelist",
			);
			name = "[CP] Embed Pods Frameworks";
			outputFileListPaths = (
				"${PODS_ROOT}/Target Support Files/Pods-FoodDB-FoodDBUITests/Pods-FoodDB-FoodDBUITests-frameworks-${CONFIGURATION}-output-files.xcfilelist",
			);
			runOnlyForDeploymentPostprocessing = 0;
			shellPath = /bin/sh;
			shellScript = "\"${PODS_ROOT}/Target Support Files/Pods-FoodDB-FoodDBUITests/Pods-FoodDB-FoodDBUITests-frameworks.sh\"\n";
			showEnvVarsInLog = 0;
		};
/* End PBXShellScriptBuildPhase section */

/* Begin PBXSourcesBuildPhase section */
		6DC2BA92269D0A96006667A8 /* Sources */ = {
			isa = PBXSourcesBuildPhase;
			buildActionMask = 2147483647;
			files = (
				6DBFBD4426CD2C2B00ABF1E5 /* SettingController.swift in Sources */,
				6DC2BA9E269D0A96006667A8 /* CategoryController.swift in Sources */,
				6D2ADF9026D8314B00D0C7D4 /* HelpController.swift in Sources */,
				6D37A33A269E12DF008D77AD /* MealService.swift in Sources */,
				6DB5863026B07894007FEBE0 /* Ingredient.swift in Sources */,
				6D0F3F9726A645B80062F35E /* AllCategoryList.swift in Sources */,
				6D70A8F726BEBADB00F96F80 /* MealTabController.swift in Sources */,
				6D186F5E26B9885C0027D140 /* MainController.swift in Sources */,
				6D541C0826A1B26C00AF0ED8 /* Meal.swift in Sources */,
				6D7B3C6D26A4C232001AB735 /* CustomImageView.swift in Sources */,
				6D9DDADB26AC87EF0081B16E /* PreviewCellAtoZ.swift in Sources */,
				6D14260426A1A71500F42F37 /* LabelTop.swift in Sources */,
				6DC30ACB26BD6E7400F7B837 /* MenuController.swift in Sources */,
				6D1BDEC326C475C60076210D /* BannerCell.swift in Sources */,
				6D8C024B26A0F19A00C1E5EA /* HeaderCategory.swift in Sources */,
				6D6FC9A726D9191800204F41 /* HideStatusBarProtocol.swift in Sources */,
				6D9DDAD626AC83330081B16E /* LetterCell.swift in Sources */,
				6D74F1CC26C1B9B90021219D /* YoutuberString.swift in Sources */,
				6D71892826C80EB600AEA8A7 /* Settings.swift in Sources */,
				6D8C024226A078A200C1E5EA /* CategoryList.swift in Sources */,
				6D14260C26A1A96600F42F37 /* MealInListCell.swift in Sources */,
				6D14AEAE26AB745200AF4844 /* AreaTableController.swift in Sources */,
				6D8C023226A067DE00C1E5EA /* Anchors.swift in Sources */,
				6D14AEB326AB780400AF4844 /* AreaFood.swift in Sources */,
				6D24FE0726B6E9D00052BD55 /* ImageExtension.swift in Sources */,
				6DC2BA9A269D0A96006667A8 /* AppDelegate.swift in Sources */,
				6D9DDAD126AC7B900081B16E /* AtoZController.swift in Sources */,
				6DC2BA9C269D0A96006667A8 /* SceneDelegate.swift in Sources */,
				6DB5862B26B07244007FEBE0 /* TagCell.swift in Sources */,
				6D2ADF8426D81A2500D0C7D4 /* AboutUsController.swift in Sources */,
				6DA95C6D26AF689600509F23 /* MealViewController.swift in Sources */,
				6DA95C6826AF5C4E00509F23 /* TagController.swift in Sources */,
				6D1CCB5A26B5A2ED007006A5 /* MainCardSlider.swift in Sources */,
				6D1BDECB26C47DB20076210D /* FeaturedTextCell.swift in Sources */,
				6D70A91026BEC39F00F96F80 /* MenuToggleProtocol.swift in Sources */,
				6D8C023D26A06EA100C1E5EA /* CustomCell.swift in Sources */,
				6DB5863826B085C0007FEBE0 /* SingleIngredientController.swift in Sources */,
				6D8C023826A06E8400C1E5EA /* CategoryCell.swift in Sources */,
				6D541C0326A1B00C00AF0ED8 /* Category.swift in Sources */,
				6D1E882B26C9C9D4009770D8 /* CustomMenuBar.swift in Sources */,
				6D285AF626AC4C64007822BA /* IndividualAreaList.swift in Sources */,
				6D70A8FF26BEBEA700F96F80 /* ContainerController.swift in Sources */,
				6D4C828626BDA0FB00DF4159 /* MenuCell.swift in Sources */,
				6D81FAF026AC620A00904A75 /* AreaListCell.swift in Sources */,
			);
			runOnlyForDeploymentPostprocessing = 0;
		};
		6DC2BAA8269D0A98006667A8 /* Sources */ = {
			isa = PBXSourcesBuildPhase;
			buildActionMask = 2147483647;
			files = (
				6DC2BAB1269D0A98006667A8 /* FoodDBTests.swift in Sources */,
			);
			runOnlyForDeploymentPostprocessing = 0;
		};
		6DC2BAB3269D0A98006667A8 /* Sources */ = {
			isa = PBXSourcesBuildPhase;
			buildActionMask = 2147483647;
			files = (
				6DC2BABC269D0A98006667A8 /* FoodDBUITests.swift in Sources */,
			);
			runOnlyForDeploymentPostprocessing = 0;
		};
/* End PBXSourcesBuildPhase section */

/* Begin PBXTargetDependency section */
		6DC2BAAE269D0A98006667A8 /* PBXTargetDependency */ = {
			isa = PBXTargetDependency;
			target = 6DC2BA95269D0A96006667A8 /* FoodDB */;
			targetProxy = 6DC2BAAD269D0A98006667A8 /* PBXContainerItemProxy */;
		};
		6DC2BAB9269D0A98006667A8 /* PBXTargetDependency */ = {
			isa = PBXTargetDependency;
			target = 6DC2BA95269D0A96006667A8 /* FoodDB */;
			targetProxy = 6DC2BAB8269D0A98006667A8 /* PBXContainerItemProxy */;
		};
/* End PBXTargetDependency section */

/* Begin PBXVariantGroup section */
		6DC2BAA4269D0A98006667A8 /* LaunchScreen.storyboard */ = {
			isa = PBXVariantGroup;
			children = (
				6DC2BAA5269D0A98006667A8 /* Base */,
			);
			name = LaunchScreen.storyboard;
			sourceTree = "<group>";
		};
/* End PBXVariantGroup section */

/* Begin XCBuildConfiguration section */
		6DC2BABE269D0A98006667A8 /* Debug */ = {
			isa = XCBuildConfiguration;
			buildSettings = {
				ALWAYS_SEARCH_USER_PATHS = NO;
				CLANG_ANALYZER_NONNULL = YES;
				CLANG_ANALYZER_NUMBER_OBJECT_CONVERSION = YES_AGGRESSIVE;
				CLANG_CXX_LANGUAGE_STANDARD = "gnu++14";
				CLANG_CXX_LIBRARY = "libc++";
				CLANG_ENABLE_MODULES = YES;
				CLANG_ENABLE_OBJC_ARC = YES;
				CLANG_ENABLE_OBJC_WEAK = YES;
				CLANG_WARN_BLOCK_CAPTURE_AUTORELEASING = YES;
				CLANG_WARN_BOOL_CONVERSION = YES;
				CLANG_WARN_COMMA = YES;
				CLANG_WARN_CONSTANT_CONVERSION = YES;
				CLANG_WARN_DEPRECATED_OBJC_IMPLEMENTATIONS = YES;
				CLANG_WARN_DIRECT_OBJC_ISA_USAGE = YES_ERROR;
				CLANG_WARN_DOCUMENTATION_COMMENTS = YES;
				CLANG_WARN_EMPTY_BODY = YES;
				CLANG_WARN_ENUM_CONVERSION = YES;
				CLANG_WARN_INFINITE_RECURSION = YES;
				CLANG_WARN_INT_CONVERSION = YES;
				CLANG_WARN_NON_LITERAL_NULL_CONVERSION = YES;
				CLANG_WARN_OBJC_IMPLICIT_RETAIN_SELF = YES;
				CLANG_WARN_OBJC_LITERAL_CONVERSION = YES;
				CLANG_WARN_OBJC_ROOT_CLASS = YES_ERROR;
				CLANG_WARN_QUOTED_INCLUDE_IN_FRAMEWORK_HEADER = YES;
				CLANG_WARN_RANGE_LOOP_ANALYSIS = YES;
				CLANG_WARN_STRICT_PROTOTYPES = YES;
				CLANG_WARN_SUSPICIOUS_MOVE = YES;
				CLANG_WARN_UNGUARDED_AVAILABILITY = YES_AGGRESSIVE;
				CLANG_WARN_UNREACHABLE_CODE = YES;
				CLANG_WARN__DUPLICATE_METHOD_MATCH = YES;
				COPY_PHASE_STRIP = NO;
				DEBUG_INFORMATION_FORMAT = dwarf;
				ENABLE_STRICT_OBJC_MSGSEND = YES;
				ENABLE_TESTABILITY = YES;
				GCC_C_LANGUAGE_STANDARD = gnu11;
				GCC_DYNAMIC_NO_PIC = NO;
				GCC_NO_COMMON_BLOCKS = YES;
				GCC_OPTIMIZATION_LEVEL = 0;
				GCC_PREPROCESSOR_DEFINITIONS = (
					"DEBUG=1",
					"$(inherited)",
				);
				GCC_WARN_64_TO_32_BIT_CONVERSION = YES;
				GCC_WARN_ABOUT_RETURN_TYPE = YES_ERROR;
				GCC_WARN_UNDECLARED_SELECTOR = YES;
				GCC_WARN_UNINITIALIZED_AUTOS = YES_AGGRESSIVE;
				GCC_WARN_UNUSED_FUNCTION = YES;
				GCC_WARN_UNUSED_VARIABLE = YES;
				IPHONEOS_DEPLOYMENT_TARGET = 14.4;
				MTL_ENABLE_DEBUG_INFO = INCLUDE_SOURCE;
				MTL_FAST_MATH = YES;
				ONLY_ACTIVE_ARCH = YES;
				SDKROOT = iphoneos;
				SWIFT_ACTIVE_COMPILATION_CONDITIONS = DEBUG;
				SWIFT_OPTIMIZATION_LEVEL = "-Onone";
			};
			name = Debug;
		};
		6DC2BABF269D0A98006667A8 /* Release */ = {
			isa = XCBuildConfiguration;
			buildSettings = {
				ALWAYS_SEARCH_USER_PATHS = NO;
				CLANG_ANALYZER_NONNULL = YES;
				CLANG_ANALYZER_NUMBER_OBJECT_CONVERSION = YES_AGGRESSIVE;
				CLANG_CXX_LANGUAGE_STANDARD = "gnu++14";
				CLANG_CXX_LIBRARY = "libc++";
				CLANG_ENABLE_MODULES = YES;
				CLANG_ENABLE_OBJC_ARC = YES;
				CLANG_ENABLE_OBJC_WEAK = YES;
				CLANG_WARN_BLOCK_CAPTURE_AUTORELEASING = YES;
				CLANG_WARN_BOOL_CONVERSION = YES;
				CLANG_WARN_COMMA = YES;
				CLANG_WARN_CONSTANT_CONVERSION = YES;
				CLANG_WARN_DEPRECATED_OBJC_IMPLEMENTATIONS = YES;
				CLANG_WARN_DIRECT_OBJC_ISA_USAGE = YES_ERROR;
				CLANG_WARN_DOCUMENTATION_COMMENTS = YES;
				CLANG_WARN_EMPTY_BODY = YES;
				CLANG_WARN_ENUM_CONVERSION = YES;
				CLANG_WARN_INFINITE_RECURSION = YES;
				CLANG_WARN_INT_CONVERSION = YES;
				CLANG_WARN_NON_LITERAL_NULL_CONVERSION = YES;
				CLANG_WARN_OBJC_IMPLICIT_RETAIN_SELF = YES;
				CLANG_WARN_OBJC_LITERAL_CONVERSION = YES;
				CLANG_WARN_OBJC_ROOT_CLASS = YES_ERROR;
				CLANG_WARN_QUOTED_INCLUDE_IN_FRAMEWORK_HEADER = YES;
				CLANG_WARN_RANGE_LOOP_ANALYSIS = YES;
				CLANG_WARN_STRICT_PROTOTYPES = YES;
				CLANG_WARN_SUSPICIOUS_MOVE = YES;
				CLANG_WARN_UNGUARDED_AVAILABILITY = YES_AGGRESSIVE;
				CLANG_WARN_UNREACHABLE_CODE = YES;
				CLANG_WARN__DUPLICATE_METHOD_MATCH = YES;
				COPY_PHASE_STRIP = NO;
				DEBUG_INFORMATION_FORMAT = "dwarf-with-dsym";
				ENABLE_NS_ASSERTIONS = NO;
				ENABLE_STRICT_OBJC_MSGSEND = YES;
				GCC_C_LANGUAGE_STANDARD = gnu11;
				GCC_NO_COMMON_BLOCKS = YES;
				GCC_WARN_64_TO_32_BIT_CONVERSION = YES;
				GCC_WARN_ABOUT_RETURN_TYPE = YES_ERROR;
				GCC_WARN_UNDECLARED_SELECTOR = YES;
				GCC_WARN_UNINITIALIZED_AUTOS = YES_AGGRESSIVE;
				GCC_WARN_UNUSED_FUNCTION = YES;
				GCC_WARN_UNUSED_VARIABLE = YES;
				IPHONEOS_DEPLOYMENT_TARGET = 14.4;
				MTL_ENABLE_DEBUG_INFO = NO;
				MTL_FAST_MATH = YES;
				SDKROOT = iphoneos;
				SWIFT_COMPILATION_MODE = wholemodule;
				SWIFT_OPTIMIZATION_LEVEL = "-O";
				VALIDATE_PRODUCT = YES;
			};
			name = Release;
		};
		6DC2BAC1269D0A98006667A8 /* Debug */ = {
			isa = XCBuildConfiguration;
			baseConfigurationReference = FEE91D7363AEEA519AC0C428 /* Pods-FoodDB.debug.xcconfig */;
			buildSettings = {
				ASSETCATALOG_COMPILER_APPICON_NAME = AppIcon;
				ASSETCATALOG_COMPILER_GLOBAL_ACCENT_COLOR_NAME = AccentColor;
				CODE_SIGN_STYLE = Automatic;
				DEVELOPMENT_TEAM = 5B532CR8XY;
				INFOPLIST_FILE = FoodDB/Info.plist;
				LD_RUNPATH_SEARCH_PATHS = (
					"$(inherited)",
					"@executable_path/Frameworks",
				);
				PRODUCT_BUNDLE_IDENTIFIER = com.navidsheikh.FoodDB;
				PRODUCT_NAME = "$(TARGET_NAME)";
				SWIFT_VERSION = 5.0;
				TARGETED_DEVICE_FAMILY = "1,2";
			};
			name = Debug;
		};
		6DC2BAC2269D0A98006667A8 /* Release */ = {
			isa = XCBuildConfiguration;
			baseConfigurationReference = DFCB7965D56F24E1776CC886 /* Pods-FoodDB.release.xcconfig */;
			buildSettings = {
				ASSETCATALOG_COMPILER_APPICON_NAME = AppIcon;
				ASSETCATALOG_COMPILER_GLOBAL_ACCENT_COLOR_NAME = AccentColor;
				CODE_SIGN_STYLE = Automatic;
				DEVELOPMENT_TEAM = 5B532CR8XY;
				INFOPLIST_FILE = FoodDB/Info.plist;
				LD_RUNPATH_SEARCH_PATHS = (
					"$(inherited)",
					"@executable_path/Frameworks",
				);
				PRODUCT_BUNDLE_IDENTIFIER = com.navidsheikh.FoodDB;
				PRODUCT_NAME = "$(TARGET_NAME)";
				SWIFT_VERSION = 5.0;
				TARGETED_DEVICE_FAMILY = "1,2";
			};
			name = Release;
		};
		6DC2BAC4269D0A98006667A8 /* Debug */ = {
			isa = XCBuildConfiguration;
			baseConfigurationReference = 723E505FB768F5BD448D9D29 /* Pods-FoodDBTests.debug.xcconfig */;
			buildSettings = {
				ALWAYS_EMBED_SWIFT_STANDARD_LIBRARIES = YES;
				BUNDLE_LOADER = "$(TEST_HOST)";
				CODE_SIGN_STYLE = Automatic;
				DEVELOPMENT_TEAM = 5B532CR8XY;
				INFOPLIST_FILE = FoodDBTests/Info.plist;
				IPHONEOS_DEPLOYMENT_TARGET = 14.4;
				LD_RUNPATH_SEARCH_PATHS = (
					"$(inherited)",
					"@executable_path/Frameworks",
					"@loader_path/Frameworks",
				);
				PRODUCT_BUNDLE_IDENTIFIER = com.navidsheikh.FoodDBTests;
				PRODUCT_NAME = "$(TARGET_NAME)";
				SWIFT_VERSION = 5.0;
				TARGETED_DEVICE_FAMILY = "1,2";
				TEST_HOST = "$(BUILT_PRODUCTS_DIR)/FoodDB.app/FoodDB";
			};
			name = Debug;
		};
		6DC2BAC5269D0A98006667A8 /* Release */ = {
			isa = XCBuildConfiguration;
			baseConfigurationReference = 0775238EDF1BF12668F21A56 /* Pods-FoodDBTests.release.xcconfig */;
			buildSettings = {
				ALWAYS_EMBED_SWIFT_STANDARD_LIBRARIES = YES;
				BUNDLE_LOADER = "$(TEST_HOST)";
				CODE_SIGN_STYLE = Automatic;
				DEVELOPMENT_TEAM = 5B532CR8XY;
				INFOPLIST_FILE = FoodDBTests/Info.plist;
				IPHONEOS_DEPLOYMENT_TARGET = 14.4;
				LD_RUNPATH_SEARCH_PATHS = (
					"$(inherited)",
					"@executable_path/Frameworks",
					"@loader_path/Frameworks",
				);
				PRODUCT_BUNDLE_IDENTIFIER = com.navidsheikh.FoodDBTests;
				PRODUCT_NAME = "$(TARGET_NAME)";
				SWIFT_VERSION = 5.0;
				TARGETED_DEVICE_FAMILY = "1,2";
				TEST_HOST = "$(BUILT_PRODUCTS_DIR)/FoodDB.app/FoodDB";
			};
			name = Release;
		};
		6DC2BAC7269D0A98006667A8 /* Debug */ = {
			isa = XCBuildConfiguration;
			baseConfigurationReference = 258018FC5791B093F17DB66B /* Pods-FoodDB-FoodDBUITests.debug.xcconfig */;
			buildSettings = {
				ALWAYS_EMBED_SWIFT_STANDARD_LIBRARIES = YES;
				CODE_SIGN_STYLE = Automatic;
				DEVELOPMENT_TEAM = 5B532CR8XY;
				INFOPLIST_FILE = FoodDBUITests/Info.plist;
				LD_RUNPATH_SEARCH_PATHS = (
					"$(inherited)",
					"@executable_path/Frameworks",
					"@loader_path/Frameworks",
				);
				PRODUCT_BUNDLE_IDENTIFIER = com.navidsheikh.FoodDBUITests;
				PRODUCT_NAME = "$(TARGET_NAME)";
				SWIFT_VERSION = 5.0;
				TARGETED_DEVICE_FAMILY = "1,2";
				TEST_TARGET_NAME = FoodDB;
			};
			name = Debug;
		};
		6DC2BAC8269D0A98006667A8 /* Release */ = {
			isa = XCBuildConfiguration;
			baseConfigurationReference = 9558A321EE2B0C3877821667 /* Pods-FoodDB-FoodDBUITests.release.xcconfig */;
			buildSettings = {
				ALWAYS_EMBED_SWIFT_STANDARD_LIBRARIES = YES;
				CODE_SIGN_STYLE = Automatic;
				DEVELOPMENT_TEAM = 5B532CR8XY;
				INFOPLIST_FILE = FoodDBUITests/Info.plist;
				LD_RUNPATH_SEARCH_PATHS = (
					"$(inherited)",
					"@executable_path/Frameworks",
					"@loader_path/Frameworks",
				);
				PRODUCT_BUNDLE_IDENTIFIER = com.navidsheikh.FoodDBUITests;
				PRODUCT_NAME = "$(TARGET_NAME)";
				SWIFT_VERSION = 5.0;
				TARGETED_DEVICE_FAMILY = "1,2";
				TEST_TARGET_NAME = FoodDB;
			};
			name = Release;
		};
/* End XCBuildConfiguration section */

/* Begin XCConfigurationList section */
		6DC2BA91269D0A96006667A8 /* Build configuration list for PBXProject "FoodDB" */ = {
			isa = XCConfigurationList;
			buildConfigurations = (
				6DC2BABE269D0A98006667A8 /* Debug */,
				6DC2BABF269D0A98006667A8 /* Release */,
			);
			defaultConfigurationIsVisible = 0;
			defaultConfigurationName = Release;
		};
		6DC2BAC0269D0A98006667A8 /* Build configuration list for PBXNativeTarget "FoodDB" */ = {
			isa = XCConfigurationList;
			buildConfigurations = (
				6DC2BAC1269D0A98006667A8 /* Debug */,
				6DC2BAC2269D0A98006667A8 /* Release */,
			);
			defaultConfigurationIsVisible = 0;
			defaultConfigurationName = Release;
		};
		6DC2BAC3269D0A98006667A8 /* Build configuration list for PBXNativeTarget "FoodDBTests" */ = {
			isa = XCConfigurationList;
			buildConfigurations = (
				6DC2BAC4269D0A98006667A8 /* Debug */,
				6DC2BAC5269D0A98006667A8 /* Release */,
			);
			defaultConfigurationIsVisible = 0;
			defaultConfigurationName = Release;
		};
		6DC2BAC6269D0A98006667A8 /* Build configuration list for PBXNativeTarget "FoodDBUITests" */ = {
			isa = XCConfigurationList;
			buildConfigurations = (
				6DC2BAC7269D0A98006667A8 /* Debug */,
				6DC2BAC8269D0A98006667A8 /* Release */,
			);
			defaultConfigurationIsVisible = 0;
			defaultConfigurationName = Release;
		};
/* End XCConfigurationList section */
	};
	rootObject = 6DC2BA8E269D0A96006667A8 /* Project object */;
}
